
Microsoft Visual Studio Solution File, Format Version 12.00
# Visual Studio Version 17
VisualStudioVersion = 17.7.34221.43
MinimumVisualStudioVersion = 10.0.40219.1
Project("{2150E333-8FDC-42A3-9474-1A3956D46DE8}") = "Solution Items", "Solution Items", "{84BF0F3F-B733-482F-B21B-CDAC17836643}"
	ProjectSection(SolutionItems) = preProject
		global.json = global.json
	EndProjectSection
EndProject
Project("{FAE04EC0-301F-11D3-BF4B-00C04F79EFBC}") = "VBSPOSS", "VBSPOSS\VBSPOSS.csproj", "{D1BAEDD9-D423-46D8-9712-E1052DCE43C7}"
EndProject
Global
	GlobalSection(SolutionConfigurationPlatforms) = preSolution
		Debug|Any CPU = Debug|Any CPU
		Release|Any CPU = Release|Any CPU
	EndGlobalSection
	GlobalSection(ProjectConfigurationPlatforms) = postSolution
		{D1BAEDD9-D423-46D8-9712-E1052DCE43C7}.Debug|Any CPU.ActiveCfg = Debug|Any CPU
		{D1BAEDD9-D423-46D8-9712-E1052DCE43C7}.Debug|Any CPU.Build.0 = Debug|Any CPU
		{D1BAEDD9-D423-46D8-9712-E1052DCE43C7}.Release|Any CPU.ActiveCfg = Release|Any CPU
		{D1BAEDD9-D423-46D8-9712-E1052DCE43C7}.Release|Any CPU.Build.0 = Release|Any CPU
	EndGlobalSection
	GlobalSection(SolutionProperties) = preSolution
		HideSolutionNode = FALSE
	EndGlobalSection
	GlobalSection(ExtensibilityGlobals) = postSolution
		SolutionGuid = {14C729C5-5BBC-4108-A266-A12EF08D221B}
	EndGlobalSection
EndGlobal
